
Microsoft Visual Studio Solution File, Format Version 12.00
# Visual Studio Version 16
VisualStudioVersion = 16.0.30128.74
MinimumVisualStudioVersion = 10.0.40219.1
Project("{FAE04EC0-301F-11D3-BF4B-00C04F79EFBC}") = "EXERCICIOS", "EXERCICIOS\EXERCICIOS.csproj", "{F258F2B8-E6E6-47AB-BF14-6A73F7DC3664}"
EndProject
Global
	GlobalSection(SolutionConfigurationPlatforms) = preSolution
		Debug|Any CPU = Debug|Any CPU
		Release|Any CPU = Release|Any CPU
	EndGlobalSection
	GlobalSection(ProjectConfigurationPlatforms) = postSolution
		{F258F2B8-E6E6-47AB-BF14-6A73F7DC3664}.Debug|Any CPU.ActiveCfg = Debug|Any CPU
		{F258F2B8-E6E6-47AB-BF14-6A73F7DC3664}.Debug|Any CPU.Build.0 = Debug|Any CPU
		{F258F2B8-E6E6-47AB-BF14-6A73F7DC3664}.Release|Any CPU.ActiveCfg = Release|Any CPU
		{F258F2B8-E6E6-47AB-BF14-6A73F7DC3664}.Release|Any CPU.Build.0 = Release|Any CPU
	EndGlobalSection
	GlobalSection(SolutionProperties) = preSolution
		HideSolutionNode = FALSE
	EndGlobalSection
	GlobalSection(ExtensibilityGlobals) = postSolution
		SolutionGuid = {2239D4FA-9051-4C7D-9AC6-3A0DC5BA9B29}
	EndGlobalSection
EndGlobal
